{
    "_meta": {
        "hash": {
            "sha256": "6cbfb11524ee85d4f489cb43d3f7267b704d278e1984ce6f87ed19e6010ce1c9"
        },
        "pipfile-spec": 6,
        "requires": {
            "python_version": "2.7.15"
        },
        "sources": [
            {
                "name": "pypi",
                "url": "https://pypi.org/simple",
                "verify_ssl": true
            }
        ]
    },
    "default": {
        "amqp": {
            "hashes": [
                "sha256:073dd02fdd73041bffc913b767866015147b61f2a9bc104daef172fc1a0066eb",
                "sha256:eed41946890cd43e8dee44a316b85cf6fee5a1a34bb4a562b660a358eb529e1b"
            ],
            "version": "==2.3.2"
        },
        "billiard": {
            "hashes": [
                "sha256:ed65448da5877b5558f19d2f7f11f8355ea76b3e63e1c0a6059f47cfae5f1c84"
            ],
            "version": "==3.5.0.4"
        },
        "blessings": {
            "hashes": [
                "sha256:98e5854d805f50a5b58ac2333411b0482516a8210f23f43308baeb58d77c157d",
                "sha256:b1fdd7e7a675295630f9ae71527a8ebc10bfefa236b3d6aa4932ee4462c17ba3",
                "sha256:caad5211e7ba5afe04367cdd4cfc68fa886e2e08f6f35e76b7387d2109ccea6e"
            ],
            "version": "==1.7"
        },
        "celery": {
            "hashes": [
                "sha256:77dab4677e24dc654d42dfbdfed65fa760455b6bb563a0877ecc35f4cfcfc678",
                "sha256:ad7a7411772b80a4d6c64f2f7f723200e39fb66cf614a7fdfab76d345acc7b13"
            ],
            "index": "pypi",
            "version": "==4.2.1"
        },
        "certifi": {
            "hashes": [
                "sha256:339dc09518b07e2fa7eda5450740925974815557727d6bd35d319c1524a04a4c",
                "sha256:6d58c986d22b038c8c0df30d639f23a3e6d172a05c3583e766f4c0b785c0986a"
            ],
            "version": "==2018.10.15"
        },
        "chardet": {
            "hashes": [
                "sha256:84ab92ed1c4d4f16916e05906b6b75a6c0fb5db821cc65e70cbd64a3e2a5eaae",
                "sha256:fc323ffcaeaed0e0a02bf4d117757b98aed530d9ed4531e3e15460124c106691"
            ],
            "version": "==3.0.4"
        },
        "dj-database-url": {
            "hashes": [
                "sha256:4aeaeb1f573c74835b0686a2b46b85990571159ffc21aa57ecd4d1e1cb334163",
                "sha256:851785365761ebe4994a921b433062309eb882fedd318e1b0fcecc607ed02da9"
            ],
            "index": "pypi",
            "version": "==0.5.0"
        },
        "django": {
            "hashes": [
                "sha256:29268cc47816a44f27308e60f71da635f549c47d8a1d003b28de55141df75791",
                "sha256:37f5876c1fbfd66085001f4c06fa0bf96ef05442c53daf8d4294b6f29e7fa6b8"
            ],
            "index": "pypi",
            "version": "==1.11.16"
        },
        "idna": {
            "hashes": [
                "sha256:156a6814fb5ac1fc6850fb002e0852d56c0c8d2531923a51032d1b70760e186e",
                "sha256:684a38a6f903c1d71d6d5fac066b58d7768af4de2b832e426ec79c30daa94a16"
            ],
            "version": "==2.7"
        },
        "kombu": {
            "hashes": [
                "sha256:86adec6c60f63124e2082ea8481bbe4ebe04fde8ebed32c177c7f0cd2c1c9082",
                "sha256:b274db3a4eacc4789aeb24e1de3e460586db7c4fc8610f7adcc7a3a1709a60af"
            ],
            "version": "==4.2.1"
        },
        "marionette-driver": {
            "hashes": [
                "sha256:15c77ba548847dc05ce1b663a22c3324623f217dce5a859c3aaced31fd16707b",
                "sha256:4b550e719f3d8245a51330bb4039a6f1972db9308a5707cac82a28266cdb3459"
            ],
            "index": "pypi",
            "version": "==2.7.0"
        },
        "mohawk": {
            "hashes": [
                "sha256:b3f85ffa93a5c7d2f9cc591246ef9f8ac4a9fa716bfd5bae0377699a2d89d78c",
                "sha256:e98b331d9fa9ece7b8be26094cbe2d57613ae882133cc755167268a984bc0ab3"
            ],
            "version": "==0.3.4"
        },
        "mozdevice": {
            "hashes": [
                "sha256:02018fb841b17bd5b66e1780f642f36500c6a536bb2281ffe12003f54972cb9f"
            ],
            "version": "==1.1.6"
        },
        "mozdownload": {
            "hashes": [
                "sha256:3f2c6c2723c06d61805cb02bcf82e7b580d72259548a007f3bf64fa35f5a97ec",
                "sha256:bb76a5641403eafd8fc84fef360e636bfcf0c7519c900ba8f9dcd18de2fc10f7"
            ],
            "index": "pypi",
            "version": "==1.25"
        },
        "mozfile": {
            "hashes": [
                "sha256:22a43f3bc320c3bda27e54b293c23a51660f4a00ec6959ab70ca6136d702f578",
                "sha256:7355643fca705f43d9412d444fb59588fbbd25f0d1e7592b9482f84e3d23bc8e"
            ],
            "version": "==2.0.0"
        },
        "mozinfo": {
            "hashes": [
                "sha256:50c0ec524b21260749a103db8e8405716e4027b580a18cea1574d2424789bbe2",
                "sha256:d5f886cbabe3266f061210076fd8a9be312580afc5efe62be10efbb9d087726e"
            ],
            "version": "==1.0.0"
        },
        "mozinstall": {
            "hashes": [
                "sha256:034e1e21cf5504324c74cab62944b25cedc7d2650054ec94f537055d6f581d7d",
                "sha256:8a27c03a98f88f3998d5ba910b61b7f44f7aa43113f60e5b76bf4a860548cb89"
            ],
            "index": "pypi",
            "version": "==1.16.0"
        },
        "mozlog": {
            "hashes": [
                "sha256:40d31a6e2d55d82aff935401e5dba730aee9520d2a65767a6f0342fe5f23bdc5",
                "sha256:6c63719671c1926724811436b31cecb06e865ee3c1a45a7e562b9159117fde8c",
                "sha256:c6c7f3ca3fc9a3e37dde4a958940bab2bf30e5a9b3afc187372bdd6abaaeffc8"
            ],
            "version": "==3.9"
        },
        "moznetwork": {
            "hashes": [
                "sha256:5ac0d56cc46d7a080e4ff0742238360f72f43eb52191319df1b4021779e9d727"
            ],
            "version": "==0.27"
        },
        "mozprocess": {
            "hashes": [
                "sha256:9f3d533439f7721c90547bee0ecdf421c838e5976673430f6ea37db7a789b363",
                "sha256:9f471c45bee9ff14e936c6ee216a6cc4941223659c01fa626bce628001d8485c"
            ],
            "version": "==0.26"
        },
        "mozprofile": {
            "hashes": [
                "sha256:49d13b578cec1c853320aff274720b69854948ecbd70aca7c9fb34f6802565c4",
                "sha256:5564f2e190b96b037f3494ad91d4a7f1d8294243793107ab933213d05c245c1f"
            ],
            "version": "==2.1.0"
        },
        "mozrunner": {
            "hashes": [
                "sha256:1d3c8a727adefd44fc833e570a6161d9c9ade6d20aed941a7e9d10616257847c",
                "sha256:6c96fa0ee46e67da21584e31a1802516af674a5ee82e26aa683930b2e292ad5d"
            ],
            "version": "==7.2.0"
        },
        "mozterm": {
            "hashes": [
                "sha256:b1e91acec188de07c704dbb7b0100a7be5c1e06567b3beb67f6ea11d00a483a4",
                "sha256:f5eafa25c23d391e2a2bb1dd45ee928fc9e3c811977a3856b5a5a0778011053c"
            ],
            "version": "==1.0.0"
        },
        "mozversion": {
            "hashes": [
                "sha256:e4a8aad0a4748c8b4f1990ec52837d79be8564f30d097a10242d5a08c6b10206",
                "sha256:e9b11e4a46bf7a4a11469ea4589c75f3ba50b34b7801e7edf1a09147af8bf70f"
            ],
            "version": "==1.5"
        },
        "progressbar2": {
            "hashes": [
                "sha256:84cb2b81274e9d83a952dc4517f953fbaf1e040b90638e68d54fc18e7dd47030",
                "sha256:d209f8c13672724bbb7bbf76e7ffedaa0bcdac32dc8db68a627bbabfd6c75de0"
            ],
            "version": "==3.38.0"
        },
        "psycopg2": {
            "hashes": [
                "sha256:03e22041bee0611408e6aad49f1bcf4406faeacffdbdc63a0f82cb7bdc5c8326",
                "sha256:064404626947717dd342d5ed7a10affe64154a9a637cb22d502d84fcb39b40a2",
                "sha256:07749db03fa21de99329750675dfd81b9eeed99139a6753485092d84f8371aee",
                "sha256:165da83922b6fc3b027db2aba8bb444bee49af32f95b062e1523c76f605294e9",
                "sha256:255a77a914b7d080359238a99371f23dd77489901cfec718448fa605f5b8dbe8",
                "sha256:27c88e8fcbea1dc3777c676a21b3e6878da2b00624cb62b7f16e85fc27ce4ce5",
                "sha256:28d6f1f400f8d1a4a191116943030e7558c6f51d34b9a4d06581e5d84d0eb75b",
                "sha256:3138f11fccd6e1dc5b357af0d4f5016ed47d5f0ec81a4fb0f82ad8ddd460e903",
                "sha256:49b96b8ef11e0f2016189ba208b5c63495c9b6ac89697eb3db97f40673d8ec65",
                "sha256:4a0d29c44316e57cea3368ca1fd9dbfd82b3973aec77dcb610e487c5632418bc",
                "sha256:4a658550b0bcb259e97f77f2dc93ed6b108fe2eda963a9e6fc8b48040d542ec2",
                "sha256:520cf9576c6b8b45117b6367a155c27668f22860bcc34cbc77e0e52f51ded7c2",
                "sha256:5bc0dc64fb26892b42653dea934f7c0b70361325647e7775528e40813b2c5f4e",
                "sha256:65c123366e35e9068b9c39b6aac27e198d84c9a41bb17fa1ae8d042e0b50f04d",
                "sha256:6c7e4cbc75aac67c32a6e778e215a30b8318371cdc59d7d10550296f11190fcb",
                "sha256:784475327650967505cf92977f51c73b5e908c3e0f79e08a892fdbc10718baf8",
                "sha256:7995bd16a61b31e922bfe3b18be24dfb63c81ec197a46c2504c45e3c5187c6e6",
                "sha256:83890c9ea4e9ae032e298e2ba269660544fc73561431985d38268b3664ad4ef7",
                "sha256:9501dc8412eb8b2881149d8af74a347f4d6ce85d03513be27fd56c3c066bd9dc",
                "sha256:9eea6c03534aebb157a8ced5df70ba0f277d3b936d708c1654d7236e5e20edda",
                "sha256:a32acdd8675e105676f5cf7b0706e2a404ddb6a2f2b8aada7646ed2df981fef6",
                "sha256:bf4090882bb0bfad11033b2c262c47a9ba1cdb145981d94b873a46df69b53cb4",
                "sha256:ca0cf5a443e4d0bb381d5a523fd4f155cb7414ac4c450e7b901cb04e5f59d5ed",
                "sha256:ce503de4a77870dce37365d3fc224c41409f2bf1ee576159430835af4fde1d86",
                "sha256:db48d28badfdd7ea62d71e8420749e66461732fa574063b4f1a1162c3d015049",
                "sha256:db97bc920901745d665ccdcb4c672bf209ad13db5d19d5a1f6110b3785f1bebf",
                "sha256:ed15e97b8fb6ffc791fe12c8050a0c8d84bdf48d436b8c462db3aa1766b236de",
                "sha256:fc73255af56a4bf6151cd516ebd6ac1eabb922c5e44d5b8859c0ca696ba88da7",
                "sha256:fe3471a0bd29595e59a4422ee332bf09ca7e15b1e6800f1b640d1c09c03ef19c",
                "sha256:ff158aed5220b54461019b636a56a85b2af32670804a27f7298dae4bd715902f"
            ],
            "index": "pypi",
            "version": "==2.7.6"
        },
        "python-utils": {
            "hashes": [
                "sha256:34aaf26b39b0b86628008f2ae0ac001b30e7986a8d303b61e1357dfcdad4f6d3",
                "sha256:e25f840564554eaded56eaa395bca507b0b9e9f0ae5ecb13a8cb785305c56d25"
            ],
            "version": "==2.3.0"
        },
        "pytz": {
            "hashes": [
                "sha256:31cb35c89bd7d333cd32c5f278fca91b523b0834369e757f4c5641ea252236ca",
                "sha256:8e0f8568c118d3077b46be7d654cc8167fa916092e28320cde048e54bfc9f1e6"
            ],
            "version": "==2018.7"
        },
        "redo": {
            "hashes": [
                "sha256:47409df1123072e1ec495283784868eb38c65bfc583c7a25c0d869bc360296f2",
                "sha256:d6452273abc4fd10678d51ccbd16876d001ae46fddd34b85af7adeebabb6b8ea"
            ],
            "version": "==2.0.1"
        },
        "requests": {
            "hashes": [
                "sha256:65b3a120e4329e33c9889db89c80976c5272f56ea92d3e74da8a463992e3ff54",
                "sha256:ea881206e59f41dbd0bd445437d792e43906703fff75ca8ff43ccdb11f33f263"
            ],
            "version": "==2.20.1"
        },
        "requests-hawk": {
            "hashes": [
                "sha256:aef0dff8053dcae2057774516386bed0a3bc03fabea9e18f3aa98f02672ea5d0",
                "sha256:c2626ab31ebef0c81b97781c44c2275bfcc6d8e8520fc4ced495f0f386f8fe26"
            ],
            "version": "==1.0.0"
        },
        "six": {
            "hashes": [
                "sha256:70e8a77beed4562e7f14fe23a786b54f6296e34344c23bc42f07b15018ff98e9",
                "sha256:832dc0e10feb1aa2c68dcc57dbb658f1c7e65b9b61af69048abc87a2db00a0eb"
            ],
            "version": "==1.11.0"
        },
        "treeherder-client": {
            "hashes": [
                "sha256:84690096902891bef2d9b555352f791510f9a280a76c8cf76a2730deccf8dc4b",
                "sha256:e4221b867621afedcd88d076d8652435a8b62d5b0d1c0149afddce4516c2f0c4"
            ],
            "version": "==4.0.0"
        },
        "urllib3": {
            "hashes": [
                "sha256:61bf29cada3fc2fbefad4fdf059ea4bd1b4a86d2b6d15e1c7c0b582b9752fe39",
                "sha256:de9529817c93f27c8ccbfead6985011db27bd0ddfcdb2d86f3f663385c6a9c22"
            ],
            "version": "==1.24.1"
        },
        "vine": {
            "hashes": [
                "sha256:52116d59bc45392af9fdd3b75ed98ae48a93e822cee21e5fda249105c59a7a72",
                "sha256:6849544be74ec3638e84d90bc1cf2e1e9224cc10d96cd4383ec3f69e9bce077b"
            ],
            "version": "==1.1.4"
        }
    },
    "develop": {
        "backports.ssl-match-hostname": {
            "hashes": [
                "sha256:502ad98707319f4a51fa2ca1c677bd659008d27ded9f6380c79e8932e38dcdf2"
            ],
            "markers": "python_version < '3.5'",
            "version": "==3.5.0.1"
        },
        "cached-property": {
            "hashes": [
                "sha256:3a026f1a54135677e7da5ce819b0c690f156f37976f3e30c5430740725203d7f",
                "sha256:9217a59f14a5682da7c4b8829deadbfc194ac22e9908ccf7c8820234e80a1504"
            ],
            "version": "==1.5.1"
        },
        "certifi": {
            "hashes": [
                "sha256:339dc09518b07e2fa7eda5450740925974815557727d6bd35d319c1524a04a4c",
                "sha256:6d58c986d22b038c8c0df30d639f23a3e6d172a05c3583e766f4c0b785c0986a"
            ],
            "version": "==2018.10.15"
        },
        "chardet": {
            "hashes": [
                "sha256:84ab92ed1c4d4f16916e05906b6b75a6c0fb5db821cc65e70cbd64a3e2a5eaae",
                "sha256:fc323ffcaeaed0e0a02bf4d117757b98aed530d9ed4531e3e15460124c106691"
            ],
            "version": "==3.0.4"
        },
        "configparser": {
            "hashes": [
                "sha256:5308b47021bc2340965c371f0f058cc6971a04502638d4244225c49d80db273a"
            ],
            "markers": "python_version < '3.2'",
            "version": "==3.5.0"
        },
        "docker": {
            "hashes": [
                "sha256:31421f16c01ffbd1ea7353c7e7cd7540bf2e5906d6173eb51c8fea4e0ea38b19",
                "sha256:fbe82af9b94ccced752527c8de07fa20267f9634b48674ba478a0bb4000a0b1e"
            ],
            "version": "==3.5.1"
        },
        "docker-compose": {
            "hashes": [
                "sha256:688d41e28c747b6b74ca73c26a3c8d796d6968608357c8738493f8fbebd3dc27",
                "sha256:78e2bd9946ee29133dd0f1ec738f6037650b4e951d0584784f0b9c5647975196"
            ],
            "index": "pypi",
            "version": "==1.23.1"
        },
        "docker-pycreds": {
            "hashes": [
                "sha256:0a941b290764ea7286bd77f54c0ace43b86a8acd6eb9ead3de9840af52384079",
                "sha256:8b0e956c8d206f832b06aa93a710ba2c3bcbacb5a314449c040b0b814355bbff"
            ],
            "version": "==0.3.0"
        },
        "dockerpty": {
            "hashes": [
                "sha256:69a9d69d573a0daa31bcd1c0774eeed5c15c295fe719c61aca550ed1393156ce"
            ],
            "version": "==0.4.1"
        },
        "docopt": {
            "hashes": [
                "sha256:49b3a825280bd66b3aa83585ef59c4a8c82f2c8a522dbe754a8bc8d08c85c491"
            ],
            "version": "==0.6.2"
        },
        "enum34": {
            "hashes": [
                "sha256:2d81cbbe0e73112bdfe6ef8576f2238f2ba27dd0d55752a776c41d38b7da2850",
                "sha256:644837f692e5f550741432dd3f223bbb9852018674981b1664e5dc339387588a",
                "sha256:6bd0f6ad48ec2aa117d3d141940d484deccda84d4fcd884f5c3d93c23ecd8c79",
                "sha256:8ad8c4783bf61ded74527bffb48ed9b54166685e4230386a9ed9b1279e2df5b1"
            ],
            "markers": "python_version < '3.4'",
            "version": "==1.1.6"
        },
        "flake8": {
            "hashes": [
                "sha256:6a35f5b8761f45c5513e3405f110a86bea57982c3b75b766ce7b65217abe1670",
                "sha256:c01f8a3963b3571a8e6bd7a4063359aff90749e160778e03817cd9b71c9e07d2"
            ],
            "index": "pypi",
            "version": "==3.6.0"
        },
        "functools32": {
            "hashes": [
                "sha256:89d824aa6c358c421a234d7f9ee0bd75933a67c29588ce50aaa3acdf4d403fa0",
                "sha256:f6253dfbe0538ad2e387bd8fdfd9293c925d63553f5813c4e587745416501e6d"
            ],
            "markers": "python_version == '2.7'",
            "version": "==3.2.3.post2"
        },
        "idna": {
            "hashes": [
                "sha256:156a6814fb5ac1fc6850fb002e0852d56c0c8d2531923a51032d1b70760e186e",
                "sha256:684a38a6f903c1d71d6d5fac066b58d7768af4de2b832e426ec79c30daa94a16"
            ],
            "version": "==2.7"
        },
        "ipaddress": {
            "hashes": [
                "sha256:64b28eec5e78e7510698f6d4da08800a5c575caa4a286c93d651c5d3ff7b6794",
                "sha256:b146c751ea45cad6188dd6cf2d9b757f6f4f8d6ffb96a023e6f2e26eea02a72c"
            ],
            "markers": "python_version < '3.3'",
            "version": "==1.0.22"
        },
        "jsonschema": {
            "hashes": [
                "sha256:000e68abd33c972a5248544925a0cae7d1125f9bf6c58280d37546b946769a08",
                "sha256:6ff5f3180870836cae40f06fa10419f557208175f13ad7bc26caa77beb1f6e02"
            ],
            "version": "==2.6.0"
        },
        "mccabe": {
            "hashes": [
                "sha256:ab8a6258860da4b6677da4bd2fe5dc2c659cff31b3ee4f7f5d64e79735b80d42",
                "sha256:dd8d182285a0fe56bace7f45b5e7d1a6ebcbf524e8f3bd87eb0f125271b8831f"
            ],
            "version": "==0.6.1"
        },
        "pycodestyle": {
            "hashes": [
                "sha256:cbc619d09254895b0d12c2c691e237b2e91e9b2ecf5e84c26b35400f93dcfb83",
                "sha256:cbfca99bd594a10f674d0cd97a3d802a1fdef635d4361e1a2658de47ed261e3a"
            ],
            "version": "==2.4.0"
        },
        "pyflakes": {
            "hashes": [
                "sha256:9a7662ec724d0120012f6e29d6248ae3727d821bba522a0e6b356eff19126a49",
                "sha256:f661252913bc1dbe7fcfcbf0af0db3f42ab65aabd1a6ca68fe5d466bace94dae"
            ],
            "version": "==2.0.0"
        },
        "pyyaml": {
            "hashes": [
                "sha256:3d7da3009c0f3e783b2c873687652d83b1bbfd5c88e9813fb7e5b03c0dd3108b",
                "sha256:3ef3092145e9b70e3ddd2c7ad59bdd0252a94dfe3949721633e41344de00a6bf",
                "sha256:40c71b8e076d0550b2e6380bada1f1cd1017b882f7e16f09a65be98e017f211a",
                "sha256:558dd60b890ba8fd982e05941927a3911dc409a63dcb8b634feaa0cda69330d3",
                "sha256:a7c28b45d9f99102fa092bb213aa12e0aaf9a6a1f5e395d36166639c1f96c3a1",
                "sha256:aa7dd4a6a427aed7df6fb7f08a580d68d9b118d90310374716ae90b710280af1",
                "sha256:bc558586e6045763782014934bfaf39d48b8ae85a2713117d16c39864085c613",
                "sha256:d46d7982b62e0729ad0175a9bc7e10a566fc07b224d2c79fafb5e032727eaa04",
                "sha256:d5eef459e30b09f5a098b9cea68bebfeb268697f78d647bd255a085371ac7f3f",
                "sha256:e01d3203230e1786cd91ccfdc8f8454c8069c91bee3962ad93b87a4b2860f537",
                "sha256:e170a9e6fcfd19021dd29845af83bb79236068bf5fd4df3327c1be18182b2531"
            ],
            "version": "==3.13"
        },
        "requests": {
            "hashes": [
                "sha256:65b3a120e4329e33c9889db89c80976c5272f56ea92d3e74da8a463992e3ff54",
                "sha256:ea881206e59f41dbd0bd445437d792e43906703fff75ca8ff43ccdb11f33f263"
            ],
            "version": "==2.20.1"
        },
        "six": {
            "hashes": [
                "sha256:70e8a77beed4562e7f14fe23a786b54f6296e34344c23bc42f07b15018ff98e9",
                "sha256:832dc0e10feb1aa2c68dcc57dbb658f1c7e65b9b61af69048abc87a2db00a0eb"
            ],
            "version": "==1.11.0"
        },
        "texttable": {
            "hashes": [
                "sha256:119041773ff03596b56392532f9315cb3a3116e404fd6f36e76a7dc088d95c79"
            ],
            "version": "==0.9.1"
        },
        "urllib3": {
            "hashes": [
                "sha256:61bf29cada3fc2fbefad4fdf059ea4bd1b4a86d2b6d15e1c7c0b582b9752fe39",
                "sha256:de9529817c93f27c8ccbfead6985011db27bd0ddfcdb2d86f3f663385c6a9c22"
            ],
            "version": "==1.24.1"
        },
        "websocket-client": {
            "hashes": [
                "sha256:8c8bf2d4f800c3ed952df206b18c28f7070d9e3dcbd6ca6291127574f57ee786",
                "sha256:e51562c91ddb8148e791f0155fdb01325d99bb52c4cdbb291aee7a3563fd0849"
            ],
            "version": "==0.54.0"
        }
    }
}
